
Microsoft Visual Studio Solution File, Format Version 12.00
# Visual Studio Version 17
VisualStudioVersion = 17.8.34525.116
MinimumVisualStudioVersion = 10.0.40219.1
Project("{FAE04EC0-301F-11D3-BF4B-00C04F79EFBC}") = "MiniECommerceApp.WebApi", "MiniECommerceApp.WebApi\MiniECommerceApp.WebApi.csproj", "{11BF9047-A9E8-4D4F-82CC-7874182FB451}"
EndProject
Project("{FAE04EC0-301F-11D3-BF4B-00C04F79EFBC}") = "MiniECommerceApp.Data", "MiniECommerceApp.Data\MiniECommerceApp.Data.csproj", "{84521703-5A87-4D74-BE6D-47DEB032F7A6}"
EndProject
Project("{FAE04EC0-301F-11D3-BF4B-00C04F79EFBC}") = "MiniECommerceApp.Entity", "MiniECommerceApp.Entity\MiniECommerceApp.Entity.csproj", "{D3AA7399-0CD3-4C52-A332-B25815DF0337}"
EndProject
Project("{FAE04EC0-301F-11D3-BF4B-00C04F79EFBC}") = "MiniECommerceApp.Application", "MiniECommerceApp.Application\MiniECommerceApp.Application.csproj", "{AE59F3CB-8AB7-4619-A0C7-A00C793471DA}"
EndProject
Project("{FAE04EC0-301F-11D3-BF4B-00C04F79EFBC}") = "MiniECommerceApp.Core", "MiniECommerceApp.Core\MiniECommerceApp.Core.csproj", "{6A527029-A46B-4F9F-9C0A-9CC59FFBC043}"
EndProject
Global
	GlobalSection(SolutionConfigurationPlatforms) = preSolution
		Debug|Any CPU = Debug|Any CPU
		Release|Any CPU = Release|Any CPU
	EndGlobalSection
	GlobalSection(ProjectConfigurationPlatforms) = postSolution
		{11BF9047-A9E8-4D4F-82CC-7874182FB451}.Debug|Any CPU.ActiveCfg = Debug|Any CPU
		{11BF9047-A9E8-4D4F-82CC-7874182FB451}.Debug|Any CPU.Build.0 = Debug|Any CPU
		{11BF9047-A9E8-4D4F-82CC-7874182FB451}.Release|Any CPU.ActiveCfg = Release|Any CPU
		{11BF9047-A9E8-4D4F-82CC-7874182FB451}.Release|Any CPU.Build.0 = Release|Any CPU
		{84521703-5A87-4D74-BE6D-47DEB032F7A6}.Debug|Any CPU.ActiveCfg = Debug|Any CPU
		{84521703-5A87-4D74-BE6D-47DEB032F7A6}.Debug|Any CPU.Build.0 = Debug|Any CPU
		{84521703-5A87-4D74-BE6D-47DEB032F7A6}.Release|Any CPU.ActiveCfg = Release|Any CPU
		{84521703-5A87-4D74-BE6D-47DEB032F7A6}.Release|Any CPU.Build.0 = Release|Any CPU
		{D3AA7399-0CD3-4C52-A332-B25815DF0337}.Debug|Any CPU.ActiveCfg = Debug|Any CPU
		{D3AA7399-0CD3-4C52-A332-B25815DF0337}.Debug|Any CPU.Build.0 = Debug|Any CPU
		{D3AA7399-0CD3-4C52-A332-B25815DF0337}.Release|Any CPU.ActiveCfg = Release|Any CPU
		{D3AA7399-0CD3-4C52-A332-B25815DF0337}.Release|Any CPU.Build.0 = Release|Any CPU
		{AE59F3CB-8AB7-4619-A0C7-A00C793471DA}.Debug|Any CPU.ActiveCfg = Debug|Any CPU
		{AE59F3CB-8AB7-4619-A0C7-A00C793471DA}.Debug|Any CPU.Build.0 = Debug|Any CPU
		{AE59F3CB-8AB7-4619-A0C7-A00C793471DA}.Release|Any CPU.ActiveCfg = Release|Any CPU
		{AE59F3CB-8AB7-4619-A0C7-A00C793471DA}.Release|Any CPU.Build.0 = Release|Any CPU
		{6A527029-A46B-4F9F-9C0A-9CC59FFBC043}.Debug|Any CPU.ActiveCfg = Debug|Any CPU
		{6A527029-A46B-4F9F-9C0A-9CC59FFBC043}.Debug|Any CPU.Build.0 = Debug|Any CPU
		{6A527029-A46B-4F9F-9C0A-9CC59FFBC043}.Release|Any CPU.ActiveCfg = Release|Any CPU
		{6A527029-A46B-4F9F-9C0A-9CC59FFBC043}.Release|Any CPU.Build.0 = Release|Any CPU
	EndGlobalSection
	GlobalSection(SolutionProperties) = preSolution
		HideSolutionNode = FALSE
	EndGlobalSection
	GlobalSection(ExtensibilityGlobals) = postSolution
		SolutionGuid = {8ADD7C28-93F2-4154-BA67-53955BBDEAC6}
	EndGlobalSection
EndGlobal
