
Microsoft Visual Studio Solution File, Format Version 12.00
# Visual Studio Version 17
VisualStudioVersion = 17.8.34525.116
MinimumVisualStudioVersion = 10.0.40219.1
Project("{FAE04EC0-301F-11D3-BF4B-00C04F79EFBC}") = "MiniECommerceApp.WebApi", "MiniECommerceApp.WebApi\MiniECommerceApp.WebApi.csproj", "{11BF9047-A9E8-4D4F-82CC-7874182FB451}"
EndProject
Global
	GlobalSection(SolutionConfigurationPlatforms) = preSolution
		Debug|Any CPU = Debug|Any CPU
		Release|Any CPU = Release|Any CPU
	EndGlobalSection
	GlobalSection(ProjectConfigurationPlatforms) = postSolution
		{11BF9047-A9E8-4D4F-82CC-7874182FB451}.Debug|Any CPU.ActiveCfg = Debug|Any CPU
		{11BF9047-A9E8-4D4F-82CC-7874182FB451}.Debug|Any CPU.Build.0 = Debug|Any CPU
		{11BF9047-A9E8-4D4F-82CC-7874182FB451}.Release|Any CPU.ActiveCfg = Release|Any CPU
		{11BF9047-A9E8-4D4F-82CC-7874182FB451}.Release|Any CPU.Build.0 = Release|Any CPU
	EndGlobalSection
	GlobalSection(SolutionProperties) = preSolution
		HideSolutionNode = FALSE
	EndGlobalSection
	GlobalSection(ExtensibilityGlobals) = postSolution
		SolutionGuid = {8ADD7C28-93F2-4154-BA67-53955BBDEAC6}
	EndGlobalSection
EndGlobal
