
Microsoft Visual Studio Solution File, Format Version 12.00
# Visual Studio Version 17
VisualStudioVersion = 17.5.002.0
MinimumVisualStudioVersion = 10.0.40219.1
Project("{9A19103F-16F7-4668-BE54-9A1E7A4F7556}") = "MiniECommerceApp.Application", "MiniECommerceApp.Application\MiniECommerceApp.Application.csproj", "{336D0CB6-4027-46A8-BBEC-A8FEB0B8F637}"
EndProject
Project("{9A19103F-16F7-4668-BE54-9A1E7A4F7556}") = "MiniECommerceApp.Core", "MiniECommerceApp.Core\MiniECommerceApp.Core.csproj", "{BA3CB00C-1A84-42E4-9B05-9D4CFF98B17B}"
EndProject
Project("{9A19103F-16F7-4668-BE54-9A1E7A4F7556}") = "MiniECommerceApp.Data", "MiniECommerceApp.Data\MiniECommerceApp.Data.csproj", "{1CB5B5DE-5B67-431E-B189-CCE31CC1CE6E}"
EndProject
Project("{9A19103F-16F7-4668-BE54-9A1E7A4F7556}") = "MiniECommerceApp.Entity", "MiniECommerceApp.Entity\MiniECommerceApp.Entity.csproj", "{9CE7E0C8-132F-4207-8BF8-8C40E9809959}"
EndProject
Project("{9A19103F-16F7-4668-BE54-9A1E7A4F7556}") = "MiniECommerceApp.WebApi", "MiniECommerceApp.WebApi\MiniECommerceApp.WebApi.csproj", "{0B25ED0C-82BB-41F0-AF74-4053BBF2B3CB}"
EndProject
Project("{9A19103F-16F7-4668-BE54-9A1E7A4F7556}") = "MiniECommerceApp.Tests", "..\MiniECommerceApp.Tests\MiniECommerceApp.Tests.csproj", "{EC09B088-8072-422D-AED6-E9F56CBFCAE8}"
EndProject
Project("{E53339B2-1760-4266-BCC7-CA923CBCF16C}") = "docker-compose", "docker-compose.dcproj", "{6932ACF7-EFFD-417F-B380-B7F7D827390A}"
EndProject
Global
	GlobalSection(SolutionConfigurationPlatforms) = preSolution
		Debug|Any CPU = Debug|Any CPU
		Release|Any CPU = Release|Any CPU
	EndGlobalSection
	GlobalSection(ProjectConfigurationPlatforms) = postSolution
		{336D0CB6-4027-46A8-BBEC-A8FEB0B8F637}.Debug|Any CPU.ActiveCfg = Debug|Any CPU
		{336D0CB6-4027-46A8-BBEC-A8FEB0B8F637}.Debug|Any CPU.Build.0 = Debug|Any CPU
		{336D0CB6-4027-46A8-BBEC-A8FEB0B8F637}.Release|Any CPU.ActiveCfg = Release|Any CPU
		{336D0CB6-4027-46A8-BBEC-A8FEB0B8F637}.Release|Any CPU.Build.0 = Release|Any CPU
		{BA3CB00C-1A84-42E4-9B05-9D4CFF98B17B}.Debug|Any CPU.ActiveCfg = Debug|Any CPU
		{BA3CB00C-1A84-42E4-9B05-9D4CFF98B17B}.Debug|Any CPU.Build.0 = Debug|Any CPU
		{BA3CB00C-1A84-42E4-9B05-9D4CFF98B17B}.Release|Any CPU.ActiveCfg = Release|Any CPU
		{BA3CB00C-1A84-42E4-9B05-9D4CFF98B17B}.Release|Any CPU.Build.0 = Release|Any CPU
		{1CB5B5DE-5B67-431E-B189-CCE31CC1CE6E}.Debug|Any CPU.ActiveCfg = Debug|Any CPU
		{1CB5B5DE-5B67-431E-B189-CCE31CC1CE6E}.Debug|Any CPU.Build.0 = Debug|Any CPU
		{1CB5B5DE-5B67-431E-B189-CCE31CC1CE6E}.Release|Any CPU.ActiveCfg = Release|Any CPU
		{1CB5B5DE-5B67-431E-B189-CCE31CC1CE6E}.Release|Any CPU.Build.0 = Release|Any CPU
		{9CE7E0C8-132F-4207-8BF8-8C40E9809959}.Debug|Any CPU.ActiveCfg = Debug|Any CPU
		{9CE7E0C8-132F-4207-8BF8-8C40E9809959}.Debug|Any CPU.Build.0 = Debug|Any CPU
		{9CE7E0C8-132F-4207-8BF8-8C40E9809959}.Release|Any CPU.ActiveCfg = Release|Any CPU
		{9CE7E0C8-132F-4207-8BF8-8C40E9809959}.Release|Any CPU.Build.0 = Release|Any CPU
		{0B25ED0C-82BB-41F0-AF74-4053BBF2B3CB}.Debug|Any CPU.ActiveCfg = Debug|Any CPU
		{0B25ED0C-82BB-41F0-AF74-4053BBF2B3CB}.Debug|Any CPU.Build.0 = Debug|Any CPU
		{0B25ED0C-82BB-41F0-AF74-4053BBF2B3CB}.Release|Any CPU.ActiveCfg = Release|Any CPU
		{0B25ED0C-82BB-41F0-AF74-4053BBF2B3CB}.Release|Any CPU.Build.0 = Release|Any CPU
		{EC09B088-8072-422D-AED6-E9F56CBFCAE8}.Debug|Any CPU.ActiveCfg = Debug|Any CPU
		{EC09B088-8072-422D-AED6-E9F56CBFCAE8}.Debug|Any CPU.Build.0 = Debug|Any CPU
		{EC09B088-8072-422D-AED6-E9F56CBFCAE8}.Release|Any CPU.ActiveCfg = Release|Any CPU
		{EC09B088-8072-422D-AED6-E9F56CBFCAE8}.Release|Any CPU.Build.0 = Release|Any CPU
		{6932ACF7-EFFD-417F-B380-B7F7D827390A}.Debug|Any CPU.ActiveCfg = Debug|Any CPU
		{6932ACF7-EFFD-417F-B380-B7F7D827390A}.Debug|Any CPU.Build.0 = Debug|Any CPU
		{6932ACF7-EFFD-417F-B380-B7F7D827390A}.Release|Any CPU.ActiveCfg = Release|Any CPU
		{6932ACF7-EFFD-417F-B380-B7F7D827390A}.Release|Any CPU.Build.0 = Release|Any CPU
	EndGlobalSection
	GlobalSection(SolutionProperties) = preSolution
		HideSolutionNode = FALSE
	EndGlobalSection
	GlobalSection(ExtensibilityGlobals) = postSolution
		SolutionGuid = {6F4B8E74-5983-497D-86D7-825081C5C618}
	EndGlobalSection
EndGlobal
